// !$*UTF8*$!
{
	archiveVersion = 1;
	classes = {
	};
	objectVersion = 50;
	objects = {

/* Begin PBXBuildFile section */
		37727622244543C80066AAC4 /* AppDelegate.swift in Sources */ = {isa = PBXBuildFile; fileRef = 37727621244543C80066AAC4 /* AppDelegate.swift */; };
		37727629244543C80066AAC4 /* Main.storyboard in Resources */ = {isa = PBXBuildFile; fileRef = 37727627244543C80066AAC4 /* Main.storyboard */; };
		3772762B244543CB0066AAC4 /* Assets.xcassets in Resources */ = {isa = PBXBuildFile; fileRef = 3772762A244543CB0066AAC4 /* Assets.xcassets */; };
		3772762E244543CB0066AAC4 /* LaunchScreen.storyboard in Resources */ = {isa = PBXBuildFile; fileRef = 3772762C244543CB0066AAC4 /* LaunchScreen.storyboard */; };
		3772763F244546120066AAC4 /* HomeViewController.swift in Sources */ = {isa = PBXBuildFile; fileRef = 3772763D244546120066AAC4 /* HomeViewController.swift */; };
		37727640244546120066AAC4 /* HomeViewController.xib in Resources */ = {isa = PBXBuildFile; fileRef = 3772763E244546120066AAC4 /* HomeViewController.xib */; };
		37B1B68924457A9C00CC3B2D /* UIButtonExtension.swift in Sources */ = {isa = PBXBuildFile; fileRef = 37B1B68824457A9C00CC3B2D /* UIButtonExtension.swift */; };
/* End PBXBuildFile section */

/* Begin PBXFileReference section */
		3772761E244543C80066AAC4 /* calculator.app */ = {isa = PBXFileReference; explicitFileType = wrapper.application; includeInIndex = 0; path = calculator.app; sourceTree = BUILT_PRODUCTS_DIR; };
		37727621244543C80066AAC4 /* AppDelegate.swift */ = {isa = PBXFileReference; lastKnownFileType = sourcecode.swift; path = AppDelegate.swift; sourceTree = "<group>"; };
		37727628244543C80066AAC4 /* Base */ = {isa = PBXFileReference; lastKnownFileType = file.storyboard; name = Base; path = Base.lproj/Main.storyboard; sourceTree = "<group>"; };
		3772762A244543CB0066AAC4 /* Assets.xcassets */ = {isa = PBXFileReference; lastKnownFileType = folder.assetcatalog; path = Assets.xcassets; sourceTree = "<group>"; };
		3772762D244543CB0066AAC4 /* Base */ = {isa = PBXFileReference; lastKnownFileType = file.storyboard; name = Base; path = Base.lproj/LaunchScreen.storyboard; sourceTree = "<group>"; };
		3772762F244543CB0066AAC4 /* Info.plist */ = {isa = PBXFileReference; lastKnownFileType = text.plist.xml; path = Info.plist; sourceTree = "<group>"; };
		3772763D244546120066AAC4 /* HomeViewController.swift */ = {isa = PBXFileReference; lastKnownFileType = sourcecode.swift; path = HomeViewController.swift; sourceTree = "<group>"; };
		3772763E244546120066AAC4 /* HomeViewController.xib */ = {isa = PBXFileReference; lastKnownFileType = file.xib; path = HomeViewController.xib; sourceTree = "<group>"; };
		37B1B68824457A9C00CC3B2D /* UIButtonExtension.swift */ = {isa = PBXFileReference; lastKnownFileType = sourcecode.swift; path = UIButtonExtension.swift; sourceTree = "<group>"; };
/* End PBXFileReference section */

/* Begin PBXFrameworksBuildPhase section */
		3772761B244543C80066AAC4 /* Frameworks */ = {
			isa = PBXFrameworksBuildPhase;
			buildActionMask = 2147483647;
			files = (
			);
			runOnlyForDeploymentPostprocessing = 0;
		};
/* End PBXFrameworksBuildPhase section */

/* Begin PBXGroup section */
		37727615244543C80066AAC4 = {
			isa = PBXGroup;
			children = (
				37727620244543C80066AAC4 /* calculator */,
				3772761F244543C80066AAC4 /* Products */,
			);
			sourceTree = "<group>";
		};
		3772761F244543C80066AAC4 /* Products */ = {
			isa = PBXGroup;
			children = (
				3772761E244543C80066AAC4 /* calculator.app */,
			);
			name = Products;
			sourceTree = "<group>";
		};
		37727620244543C80066AAC4 /* calculator */ = {
			isa = PBXGroup;
			children = (
				37727621244543C80066AAC4 /* AppDelegate.swift */,
				377276352445447C0066AAC4 /* Model */,
				37727637244544960066AAC4 /* View */,
				377276362445448F0066AAC4 /* Controller */,
				377276382445449C0066AAC4 /* Util */,
				37727639244544A60066AAC4 /* Supporting Files */,
				3772762A244543CB0066AAC4 /* Assets.xcassets */,
				37727627244543C80066AAC4 /* Main.storyboard */,
			);
			path = calculator;
			sourceTree = "<group>";
		};
		377276352445447C0066AAC4 /* Model */ = {
			isa = PBXGroup;
			children = (
			);
			path = Model;
			sourceTree = "<group>";
		};
		377276362445448F0066AAC4 /* Controller */ = {
			isa = PBXGroup;
			children = (
				3772763C244545C50066AAC4 /* Home */,
			);
			path = Controller;
			sourceTree = "<group>";
		};
		37727637244544960066AAC4 /* View */ = {
			isa = PBXGroup;
			children = (
				3772763A244544F70066AAC4 /* Launch */,
				3772763B244545BD0066AAC4 /* Home */,
			);
			path = View;
			sourceTree = "<group>";
		};
		377276382445449C0066AAC4 /* Util */ = {
			isa = PBXGroup;
			children = (
				37B1B68824457A9C00CC3B2D /* UIButtonExtension.swift */,
			);
			path = Util;
			sourceTree = "<group>";
		};
		37727639244544A60066AAC4 /* Supporting Files */ = {
			isa = PBXGroup;
			children = (
				3772762F244543CB0066AAC4 /* Info.plist */,
			);
			path = "Supporting Files";
			sourceTree = "<group>";
		};
		3772763A244544F70066AAC4 /* Launch */ = {
			isa = PBXGroup;
			children = (
				3772762C244543CB0066AAC4 /* LaunchScreen.storyboard */,
			);
			path = Launch;
			sourceTree = "<group>";
		};
		3772763B244545BD0066AAC4 /* Home */ = {
			isa = PBXGroup;
			children = (
				3772763E244546120066AAC4 /* HomeViewController.xib */,
			);
			path = Home;
			sourceTree = "<group>";
		};
		3772763C244545C50066AAC4 /* Home */ = {
			isa = PBXGroup;
			children = (
				3772763D244546120066AAC4 /* HomeViewController.swift */,
			);
			path = Home;
			sourceTree = "<group>";
		};
/* End PBXGroup section */

/* Begin PBXNativeTarget section */
		3772761D244543C80066AAC4 /* calculator */ = {
			isa = PBXNativeTarget;
			buildConfigurationList = 37727632244543CB0066AAC4 /* Build configuration list for PBXNativeTarget "calculator" */;
			buildPhases = (
				3772761A244543C80066AAC4 /* Sources */,
				3772761B244543C80066AAC4 /* Frameworks */,
				3772761C244543C80066AAC4 /* Resources */,
			);
			buildRules = (
			);
			dependencies = (
			);
			name = calculator;
			productName = calculator;
			productReference = 3772761E244543C80066AAC4 /* calculator.app */;
			productType = "com.apple.product-type.application";
		};
/* End PBXNativeTarget section */

/* Begin PBXProject section */
		37727616244543C80066AAC4 /* Project object */ = {
			isa = PBXProject;
			attributes = {
				LastSwiftUpdateCheck = 1140;
				LastUpgradeCheck = 1140;
				ORGANIZATIONNAME = "Agustin Décima";
				TargetAttributes = {
					3772761D244543C80066AAC4 = {
						CreatedOnToolsVersion = 11.4;
					};
				};
			};
			buildConfigurationList = 37727619244543C80066AAC4 /* Build configuration list for PBXProject "calculator" */;
			compatibilityVersion = "Xcode 9.3";
			developmentRegion = en;
			hasScannedForEncodings = 0;
			knownRegions = (
				en,
				Base,
			);
			mainGroup = 37727615244543C80066AAC4;
			productRefGroup = 3772761F244543C80066AAC4 /* Products */;
			projectDirPath = "";
			projectRoot = "";
			targets = (
				3772761D244543C80066AAC4 /* calculator */,
			);
		};
/* End PBXProject section */

/* Begin PBXResourcesBuildPhase section */
		3772761C244543C80066AAC4 /* Resources */ = {
			isa = PBXResourcesBuildPhase;
			buildActionMask = 2147483647;
			files = (
				3772762E244543CB0066AAC4 /* LaunchScreen.storyboard in Resources */,
				3772762B244543CB0066AAC4 /* Assets.xcassets in Resources */,
				37727629244543C80066AAC4 /* Main.storyboard in Resources */,
				37727640244546120066AAC4 /* HomeViewController.xib in Resources */,
			);
			runOnlyForDeploymentPostprocessing = 0;
		};
/* End PBXResourcesBuildPhase section */

/* Begin PBXSourcesBuildPhase section */
		3772761A244543C80066AAC4 /* Sources */ = {
			isa = PBXSourcesBuildPhase;
			buildActionMask = 2147483647;
			files = (
				37727622244543C80066AAC4 /* AppDelegate.swift in Sources */,
				3772763F244546120066AAC4 /* HomeViewController.swift in Sources */,
				37B1B68924457A9C00CC3B2D /* UIButtonExtension.swift in Sources */,
			);
			runOnlyForDeploymentPostprocessing = 0;
		};
/* End PBXSourcesBuildPhase section */

/* Begin PBXVariantGroup section */
		37727627244543C80066AAC4 /* Main.storyboard */ = {
			isa = PBXVariantGroup;
			children = (
				37727628244543C80066AAC4 /* Base */,
			);
			name = Main.storyboard;
			sourceTree = "<group>";
		};
		3772762C244543CB0066AAC4 /* LaunchScreen.storyboard */ = {
			isa = PBXVariantGroup;
			children = (
				3772762D244543CB0066AAC4 /* Base */,
			);
			name = LaunchScreen.storyboard;
			sourceTree = "<group>";
		};
/* End PBXVariantGroup section */

/* Begin XCBuildConfiguration section */
		37727630244543CB0066AAC4 /* Debug */ = {
			isa = XCBuildConfiguration;
			buildSettings = {
				ALWAYS_SEARCH_USER_PATHS = NO;
				CLANG_ANALYZER_NONNULL = YES;
				CLANG_ANALYZER_NUMBER_OBJECT_CONVERSION = YES_AGGRESSIVE;
				CLANG_CXX_LANGUAGE_STANDARD = "gnu++14";
				CLANG_CXX_LIBRARY = "libc++";
				CLANG_ENABLE_MODULES = YES;
				CLANG_ENABLE_OBJC_ARC = YES;
				CLANG_ENABLE_OBJC_WEAK = YES;
				CLANG_WARN_BLOCK_CAPTURE_AUTORELEASING = YES;
				CLANG_WARN_BOOL_CONVERSION = YES;
				CLANG_WARN_COMMA = YES;
				CLANG_WARN_CONSTANT_CONVERSION = YES;
				CLANG_WARN_DEPRECATED_OBJC_IMPLEMENTATIONS = YES;
				CLANG_WARN_DIRECT_OBJC_ISA_USAGE = YES_ERROR;
				CLANG_WARN_DOCUMENTATION_COMMENTS = YES;
				CLANG_WARN_EMPTY_BODY = YES;
				CLANG_WARN_ENUM_CONVERSION = YES;
				CLANG_WARN_INFINITE_RECURSION = YES;
				CLANG_WARN_INT_CONVERSION = YES;
				CLANG_WARN_NON_LITERAL_NULL_CONVERSION = YES;
				CLANG_WARN_OBJC_IMPLICIT_RETAIN_SELF = YES;
				CLANG_WARN_OBJC_LITERAL_CONVERSION = YES;
				CLANG_WARN_OBJC_ROOT_CLASS = YES_ERROR;
				CLANG_WARN_RANGE_LOOP_ANALYSIS = YES;
				CLANG_WARN_STRICT_PROTOTYPES = YES;
				CLANG_WARN_SUSPICIOUS_MOVE = YES;
				CLANG_WARN_UNGUARDED_AVAILABILITY = YES_AGGRESSIVE;
				CLANG_WARN_UNREACHABLE_CODE = YES;
				CLANG_WARN__DUPLICATE_METHOD_MATCH = YES;
				COPY_PHASE_STRIP = NO;
				DEBUG_INFORMATION_FORMAT = dwarf;
				ENABLE_STRICT_OBJC_MSGSEND = YES;
				ENABLE_TESTABILITY = YES;
				GCC_C_LANGUAGE_STANDARD = gnu11;
				GCC_DYNAMIC_NO_PIC = NO;
				GCC_NO_COMMON_BLOCKS = YES;
				GCC_OPTIMIZATION_LEVEL = 0;
				GCC_PREPROCESSOR_DEFINITIONS = (
					"DEBUG=1",
					"$(inherited)",
				);
				GCC_WARN_64_TO_32_BIT_CONVERSION = YES;
				GCC_WARN_ABOUT_RETURN_TYPE = YES_ERROR;
				GCC_WARN_UNDECLARED_SELECTOR = YES;
				GCC_WARN_UNINITIALIZED_AUTOS = YES_AGGRESSIVE;
				GCC_WARN_UNUSED_FUNCTION = YES;
				GCC_WARN_UNUSED_VARIABLE = YES;
				IPHONEOS_DEPLOYMENT_TARGET = 13.4;
				MTL_ENABLE_DEBUG_INFO = INCLUDE_SOURCE;
				MTL_FAST_MATH = YES;
				ONLY_ACTIVE_ARCH = YES;
				SDKROOT = iphoneos;
				SWIFT_ACTIVE_COMPILATION_CONDITIONS = DEBUG;
				SWIFT_OPTIMIZATION_LEVEL = "-Onone";
			};
			name = Debug;
		};
		37727631244543CB0066AAC4 /* Release */ = {
			isa = XCBuildConfiguration;
			buildSettings = {
				ALWAYS_SEARCH_USER_PATHS = NO;
				CLANG_ANALYZER_NONNULL = YES;
				CLANG_ANALYZER_NUMBER_OBJECT_CONVERSION = YES_AGGRESSIVE;
				CLANG_CXX_LANGUAGE_STANDARD = "gnu++14";
				CLANG_CXX_LIBRARY = "libc++";
				CLANG_ENABLE_MODULES = YES;
				CLANG_ENABLE_OBJC_ARC = YES;
				CLANG_ENABLE_OBJC_WEAK = YES;
				CLANG_WARN_BLOCK_CAPTURE_AUTORELEASING = YES;
				CLANG_WARN_BOOL_CONVERSION = YES;
				CLANG_WARN_COMMA = YES;
				CLANG_WARN_CONSTANT_CONVERSION = YES;
				CLANG_WARN_DEPRECATED_OBJC_IMPLEMENTATIONS = YES;
				CLANG_WARN_DIRECT_OBJC_ISA_USAGE = YES_ERROR;
				CLANG_WARN_DOCUMENTATION_COMMENTS = YES;
				CLANG_WARN_EMPTY_BODY = YES;
				CLANG_WARN_ENUM_CONVERSION = YES;
				CLANG_WARN_INFINITE_RECURSION = YES;
				CLANG_WARN_INT_CONVERSION = YES;
				CLANG_WARN_NON_LITERAL_NULL_CONVERSION = YES;
				CLANG_WARN_OBJC_IMPLICIT_RETAIN_SELF = YES;
				CLANG_WARN_OBJC_LITERAL_CONVERSION = YES;
				CLANG_WARN_OBJC_ROOT_CLASS = YES_ERROR;
				CLANG_WARN_RANGE_LOOP_ANALYSIS = YES;
				CLANG_WARN_STRICT_PROTOTYPES = YES;
				CLANG_WARN_SUSPICIOUS_MOVE = YES;
				CLANG_WARN_UNGUARDED_AVAILABILITY = YES_AGGRESSIVE;
				CLANG_WARN_UNREACHABLE_CODE = YES;
				CLANG_WARN__DUPLICATE_METHOD_MATCH = YES;
				COPY_PHASE_STRIP = NO;
				DEBUG_INFORMATION_FORMAT = "dwarf-with-dsym";
				ENABLE_NS_ASSERTIONS = NO;
				ENABLE_STRICT_OBJC_MSGSEND = YES;
				GCC_C_LANGUAGE_STANDARD = gnu11;
				GCC_NO_COMMON_BLOCKS = YES;
				GCC_WARN_64_TO_32_BIT_CONVERSION = YES;
				GCC_WARN_ABOUT_RETURN_TYPE = YES_ERROR;
				GCC_WARN_UNDECLARED_SELECTOR = YES;
				GCC_WARN_UNINITIALIZED_AUTOS = YES_AGGRESSIVE;
				GCC_WARN_UNUSED_FUNCTION = YES;
				GCC_WARN_UNUSED_VARIABLE = YES;
				IPHONEOS_DEPLOYMENT_TARGET = 13.4;
				MTL_ENABLE_DEBUG_INFO = NO;
				MTL_FAST_MATH = YES;
				SDKROOT = iphoneos;
				SWIFT_COMPILATION_MODE = wholemodule;
				SWIFT_OPTIMIZATION_LEVEL = "-O";
				VALIDATE_PRODUCT = YES;
			};
			name = Release;
		};
		37727633244543CB0066AAC4 /* Debug */ = {
			isa = XCBuildConfiguration;
			buildSettings = {
				ASSETCATALOG_COMPILER_APPICON_NAME = AppIcon;
				CODE_SIGN_STYLE = Automatic;
				DEVELOPMENT_TEAM = 4A43253R9V;
				INFOPLIST_FILE = "$(SRCROOT)/calculator/Supporting Files/Info.plist";
				IPHONEOS_DEPLOYMENT_TARGET = 10.0;
				LD_RUNPATH_SEARCH_PATHS = (
					"$(inherited)",
					"@executable_path/Frameworks",
				);
				PRODUCT_BUNDLE_IDENTIFIER = com.iconic.calculator;
				PRODUCT_NAME = "$(TARGET_NAME)";
				SWIFT_VERSION = 5.0;
				TARGETED_DEVICE_FAMILY = "1,2";
			};
			name = Debug;
		};
		37727634244543CB0066AAC4 /* Release */ = {
			isa = XCBuildConfiguration;
			buildSettings = {
				ASSETCATALOG_COMPILER_APPICON_NAME = AppIcon;
				CODE_SIGN_STYLE = Automatic;
				DEVELOPMENT_TEAM = 4A43253R9V;
				INFOPLIST_FILE = "$(SRCROOT)/calculator/Supporting Files/Info.plist";
				IPHONEOS_DEPLOYMENT_TARGET = 10.0;
				LD_RUNPATH_SEARCH_PATHS = (
					"$(inherited)",
					"@executable_path/Frameworks",
				);
				PRODUCT_BUNDLE_IDENTIFIER = com.iconic.calculator;
				PRODUCT_NAME = "$(TARGET_NAME)";
				SWIFT_VERSION = 5.0;
				TARGETED_DEVICE_FAMILY = "1,2";
			};
			name = Release;
		};
/* End XCBuildConfiguration section */

/* Begin XCConfigurationList section */
		37727619244543C80066AAC4 /* Build configuration list for PBXProject "calculator" */ = {
			isa = XCConfigurationList;
			buildConfigurations = (
				37727630244543CB0066AAC4 /* Debug */,
				37727631244543CB0066AAC4 /* Release */,
			);
			defaultConfigurationIsVisible = 0;
			defaultConfigurationName = Release;
		};
		37727632244543CB0066AAC4 /* Build configuration list for PBXNativeTarget "calculator" */ = {
			isa = XCConfigurationList;
			buildConfigurations = (
				37727633244543CB0066AAC4 /* Debug */,
				37727634244543CB0066AAC4 /* Release */,
			);
			defaultConfigurationIsVisible = 0;
			defaultConfigurationName = Release;
		};
/* End XCConfigurationList section */
	};
	rootObject = 37727616244543C80066AAC4 /* Project object */;
}
